// !$*UTF8*$!
{
	archiveVersion = 1;
	classes = {
	};
	objectVersion = 48;
	objects = {

/* Begin PBXBuildFile section */
		7DF5E235C487B8BD0A89838A /* Pods_Snapchat.framework in Frameworks */ = {isa = PBXBuildFile; fileRef = 4C5B0FA0EB11D988A1AC0685 /* Pods_Snapchat.framework */; };
		A50AAAE32080E3E5000DC496 /* User.swift in Sources */ = {isa = PBXBuildFile; fileRef = A50AAAE22080E3E5000DC496 /* User.swift */; };
		A50AAAE72080F762000DC496 /* Snap.swift in Sources */ = {isa = PBXBuildFile; fileRef = A50AAAE62080F762000DC496 /* Snap.swift */; };
		A50AAAE92080FB37000DC496 /* ViewSnapViewController.swift in Sources */ = {isa = PBXBuildFile; fileRef = A50AAAE82080FB37000DC496 /* ViewSnapViewController.swift */; };
		A56C3BCE20800693003F59FD /* AppDelegate.swift in Sources */ = {isa = PBXBuildFile; fileRef = A56C3BCD20800693003F59FD /* AppDelegate.swift */; };
		A56C3BD020800693003F59FD /* SignInViewController.swift in Sources */ = {isa = PBXBuildFile; fileRef = A56C3BCF20800693003F59FD /* SignInViewController.swift */; };
		A56C3BD320800693003F59FD /* Main.storyboard in Resources */ = {isa = PBXBuildFile; fileRef = A56C3BD120800693003F59FD /* Main.storyboard */; };
		A56C3BD620800693003F59FD /* Snapchat.xcdatamodeld in Sources */ = {isa = PBXBuildFile; fileRef = A56C3BD420800693003F59FD /* Snapchat.xcdatamodeld */; };
		A56C3BD820800693003F59FD /* Assets.xcassets in Resources */ = {isa = PBXBuildFile; fileRef = A56C3BD720800693003F59FD /* Assets.xcassets */; };
		A56C3BDB20800693003F59FD /* LaunchScreen.storyboard in Resources */ = {isa = PBXBuildFile; fileRef = A56C3BD920800693003F59FD /* LaunchScreen.storyboard */; };
		A56C3BE5208007E3003F59FD /* GoogleService-Info.plist in Resources */ = {isa = PBXBuildFile; fileRef = A56C3BE4208007E3003F59FD /* GoogleService-Info.plist */; };
		A56C3BE720805243003F59FD /* SnapsViewController.swift in Sources */ = {isa = PBXBuildFile; fileRef = A56C3BE620805243003F59FD /* SnapsViewController.swift */; };
		A56C3BE920805626003F59FD /* PictureViewController.swift in Sources */ = {isa = PBXBuildFile; fileRef = A56C3BE820805626003F59FD /* PictureViewController.swift */; };
		A56C3BEB2080658D003F59FD /* SelectUserViewController.swift in Sources */ = {isa = PBXBuildFile; fileRef = A56C3BEA2080658D003F59FD /* SelectUserViewController.swift */; };
/* End PBXBuildFile section */

/* Begin PBXFileReference section */
		4C5B0FA0EB11D988A1AC0685 /* Pods_Snapchat.framework */ = {isa = PBXFileReference; explicitFileType = wrapper.framework; includeInIndex = 0; path = Pods_Snapchat.framework; sourceTree = BUILT_PRODUCTS_DIR; };
		A50AAAE22080E3E5000DC496 /* User.swift */ = {isa = PBXFileReference; lastKnownFileType = sourcecode.swift; path = User.swift; sourceTree = "<group>"; };
		A50AAAE62080F762000DC496 /* Snap.swift */ = {isa = PBXFileReference; lastKnownFileType = sourcecode.swift; path = Snap.swift; sourceTree = "<group>"; };
		A50AAAE82080FB37000DC496 /* ViewSnapViewController.swift */ = {isa = PBXFileReference; lastKnownFileType = sourcecode.swift; path = ViewSnapViewController.swift; sourceTree = "<group>"; };
		A56C3BCA20800693003F59FD /* Snapchat.app */ = {isa = PBXFileReference; explicitFileType = wrapper.application; includeInIndex = 0; path = Snapchat.app; sourceTree = BUILT_PRODUCTS_DIR; };
		A56C3BCD20800693003F59FD /* AppDelegate.swift */ = {isa = PBXFileReference; lastKnownFileType = sourcecode.swift; path = AppDelegate.swift; sourceTree = "<group>"; };
		A56C3BCF20800693003F59FD /* SignInViewController.swift */ = {isa = PBXFileReference; lastKnownFileType = sourcecode.swift; path = SignInViewController.swift; sourceTree = "<group>"; };
		A56C3BD220800693003F59FD /* Base */ = {isa = PBXFileReference; lastKnownFileType = file.storyboard; name = Base; path = Base.lproj/Main.storyboard; sourceTree = "<group>"; };
		A56C3BD520800693003F59FD /* Snapchat.xcdatamodel */ = {isa = PBXFileReference; lastKnownFileType = wrapper.xcdatamodel; path = Snapchat.xcdatamodel; sourceTree = "<group>"; };
		A56C3BD720800693003F59FD /* Assets.xcassets */ = {isa = PBXFileReference; lastKnownFileType = folder.assetcatalog; path = Assets.xcassets; sourceTree = "<group>"; };
		A56C3BDA20800693003F59FD /* Base */ = {isa = PBXFileReference; lastKnownFileType = file.storyboard; name = Base; path = Base.lproj/LaunchScreen.storyboard; sourceTree = "<group>"; };
		A56C3BDC20800693003F59FD /* Info.plist */ = {isa = PBXFileReference; lastKnownFileType = text.plist.xml; path = Info.plist; sourceTree = "<group>"; };
		A56C3BE4208007E3003F59FD /* GoogleService-Info.plist */ = {isa = PBXFileReference; fileEncoding = 4; lastKnownFileType = text.plist.xml; name = "GoogleService-Info.plist"; path = "../../../../../Downloads/GoogleService-Info.plist"; sourceTree = "<group>"; };
		A56C3BE620805243003F59FD /* SnapsViewController.swift */ = {isa = PBXFileReference; lastKnownFileType = sourcecode.swift; path = SnapsViewController.swift; sourceTree = "<group>"; };
		A56C3BE820805626003F59FD /* PictureViewController.swift */ = {isa = PBXFileReference; lastKnownFileType = sourcecode.swift; path = PictureViewController.swift; sourceTree = "<group>"; };
		A56C3BEA2080658D003F59FD /* SelectUserViewController.swift */ = {isa = PBXFileReference; lastKnownFileType = sourcecode.swift; path = SelectUserViewController.swift; sourceTree = "<group>"; };
		AF7FDC23C085445147160678 /* Pods-Snapchat.debug.xcconfig */ = {isa = PBXFileReference; includeInIndex = 1; lastKnownFileType = text.xcconfig; name = "Pods-Snapchat.debug.xcconfig"; path = "Pods/Target Support Files/Pods-Snapchat/Pods-Snapchat.debug.xcconfig"; sourceTree = "<group>"; };
		C19C540288C9A510B50611AA /* Pods-Snapchat.release.xcconfig */ = {isa = PBXFileReference; includeInIndex = 1; lastKnownFileType = text.xcconfig; name = "Pods-Snapchat.release.xcconfig"; path = "Pods/Target Support Files/Pods-Snapchat/Pods-Snapchat.release.xcconfig"; sourceTree = "<group>"; };
/* End PBXFileReference section */

/* Begin PBXFrameworksBuildPhase section */
		A56C3BC720800693003F59FD /* Frameworks */ = {
			isa = PBXFrameworksBuildPhase;
			buildActionMask = 2147483647;
			files = (
				7DF5E235C487B8BD0A89838A /* Pods_Snapchat.framework in Frameworks */,
			);
			runOnlyForDeploymentPostprocessing = 0;
		};
/* End PBXFrameworksBuildPhase section */

/* Begin PBXGroup section */
		576342E4C19CB28FF6FF0DE7 /* Frameworks */ = {
			isa = PBXGroup;
			children = (
				4C5B0FA0EB11D988A1AC0685 /* Pods_Snapchat.framework */,
			);
			name = Frameworks;
			sourceTree = "<group>";
		};
		A50AAAE42080E43D000DC496 /* ViewControllers */ = {
			isa = PBXGroup;
			children = (
				A56C3BCF20800693003F59FD /* SignInViewController.swift */,
				A56C3BE620805243003F59FD /* SnapsViewController.swift */,
				A56C3BE820805626003F59FD /* PictureViewController.swift */,
				A56C3BEA2080658D003F59FD /* SelectUserViewController.swift */,
				A50AAAE82080FB37000DC496 /* ViewSnapViewController.swift */,
			);
			path = ViewControllers;
			sourceTree = "<group>";
		};
		A50AAAE52080E45D000DC496 /* Models */ = {
			isa = PBXGroup;
			children = (
				A50AAAE22080E3E5000DC496 /* User.swift */,
				A50AAAE62080F762000DC496 /* Snap.swift */,
			);
			path = Models;
			sourceTree = "<group>";
		};
		A56C3BC120800693003F59FD = {
			isa = PBXGroup;
			children = (
				A56C3BCC20800693003F59FD /* Snapchat */,
				A56C3BCB20800693003F59FD /* Products */,
				C8EA6048C3C2812FBF0AB2CE /* Pods */,
				576342E4C19CB28FF6FF0DE7 /* Frameworks */,
			);
			sourceTree = "<group>";
		};
		A56C3BCB20800693003F59FD /* Products */ = {
			isa = PBXGroup;
			children = (
				A56C3BCA20800693003F59FD /* Snapchat.app */,
			);
			name = Products;
			sourceTree = "<group>";
		};
		A56C3BCC20800693003F59FD /* Snapchat */ = {
			isa = PBXGroup;
			children = (
				A50AAAE52080E45D000DC496 /* Models */,
				A50AAAE42080E43D000DC496 /* ViewControllers */,
				A56C3BCD20800693003F59FD /* AppDelegate.swift */,
				A56C3BD120800693003F59FD /* Main.storyboard */,
				A56C3BD720800693003F59FD /* Assets.xcassets */,
				A56C3BD920800693003F59FD /* LaunchScreen.storyboard */,
				A56C3BE4208007E3003F59FD /* GoogleService-Info.plist */,
				A56C3BDC20800693003F59FD /* Info.plist */,
				A56C3BD420800693003F59FD /* Snapchat.xcdatamodeld */,
			);
			path = Snapchat;
			sourceTree = "<group>";
		};
		C8EA6048C3C2812FBF0AB2CE /* Pods */ = {
			isa = PBXGroup;
			children = (
				AF7FDC23C085445147160678 /* Pods-Snapchat.debug.xcconfig */,
				C19C540288C9A510B50611AA /* Pods-Snapchat.release.xcconfig */,
			);
			name = Pods;
			sourceTree = "<group>";
		};
/* End PBXGroup section */

/* Begin PBXNativeTarget section */
		A56C3BC920800693003F59FD /* Snapchat */ = {
			isa = PBXNativeTarget;
			buildConfigurationList = A56C3BDF20800693003F59FD /* Build configuration list for PBXNativeTarget "Snapchat" */;
			buildPhases = (
				36FE8178A6FE4FB5495479BF /* [CP] Check Pods Manifest.lock */,
				A56C3BC620800693003F59FD /* Sources */,
				A56C3BC720800693003F59FD /* Frameworks */,
				A56C3BC820800693003F59FD /* Resources */,
				2BDABA005907E1D442163B18 /* [CP] Embed Pods Frameworks */,
			);
			buildRules = (
			);
			dependencies = (
			);
			name = Snapchat;
			productName = Snapchat;
			productReference = A56C3BCA20800693003F59FD /* Snapchat.app */;
			productType = "com.apple.product-type.application";
		};
/* End PBXNativeTarget section */

/* Begin PBXProject section */
		A56C3BC220800693003F59FD /* Project object */ = {
			isa = PBXProject;
			attributes = {
				LastSwiftUpdateCheck = 0920;
				LastUpgradeCheck = 0920;
				ORGANIZATIONNAME = "Mandeep Sarangal";
				TargetAttributes = {
					A56C3BC920800693003F59FD = {
						CreatedOnToolsVersion = 9.2;
						ProvisioningStyle = Automatic;
					};
				};
			};
			buildConfigurationList = A56C3BC520800693003F59FD /* Build configuration list for PBXProject "Snapchat" */;
			compatibilityVersion = "Xcode 8.0";
			developmentRegion = en;
			hasScannedForEncodings = 0;
			knownRegions = (
				en,
				Base,
			);
			mainGroup = A56C3BC120800693003F59FD;
			productRefGroup = A56C3BCB20800693003F59FD /* Products */;
			projectDirPath = "";
			projectRoot = "";
			targets = (
				A56C3BC920800693003F59FD /* Snapchat */,
			);
		};
/* End PBXProject section */

/* Begin PBXResourcesBuildPhase section */
		A56C3BC820800693003F59FD /* Resources */ = {
			isa = PBXResourcesBuildPhase;
			buildActionMask = 2147483647;
			files = (
				A56C3BDB20800693003F59FD /* LaunchScreen.storyboard in Resources */,
				A56C3BE5208007E3003F59FD /* GoogleService-Info.plist in Resources */,
				A56C3BD820800693003F59FD /* Assets.xcassets in Resources */,
				A56C3BD320800693003F59FD /* Main.storyboard in Resources */,
			);
			runOnlyForDeploymentPostprocessing = 0;
		};
/* End PBXResourcesBuildPhase section */

/* Begin PBXShellScriptBuildPhase section */
		2BDABA005907E1D442163B18 /* [CP] Embed Pods Frameworks */ = {
			isa = PBXShellScriptBuildPhase;
			buildActionMask = 2147483647;
			files = (
			);
			inputPaths = (
				"${SRCROOT}/Pods/Target Support Files/Pods-Snapchat/Pods-Snapchat-frameworks.sh",
				"${BUILT_PRODUCTS_DIR}/GTMSessionFetcher/GTMSessionFetcher.framework",
				"${BUILT_PRODUCTS_DIR}/GoogleToolboxForMac/GoogleToolboxForMac.framework",
				"${BUILT_PRODUCTS_DIR}/SDWebImage/SDWebImage.framework",
				"${BUILT_PRODUCTS_DIR}/leveldb-library/leveldb.framework",
				"${BUILT_PRODUCTS_DIR}/nanopb/nanopb.framework",
			);
			name = "[CP] Embed Pods Frameworks";
			outputPaths = (
				"${TARGET_BUILD_DIR}/${FRAMEWORKS_FOLDER_PATH}/GTMSessionFetcher.framework",
				"${TARGET_BUILD_DIR}/${FRAMEWORKS_FOLDER_PATH}/GoogleToolboxForMac.framework",
				"${TARGET_BUILD_DIR}/${FRAMEWORKS_FOLDER_PATH}/SDWebImage.framework",
				"${TARGET_BUILD_DIR}/${FRAMEWORKS_FOLDER_PATH}/leveldb.framework",
				"${TARGET_BUILD_DIR}/${FRAMEWORKS_FOLDER_PATH}/nanopb.framework",
			);
			runOnlyForDeploymentPostprocessing = 0;
			shellPath = /bin/sh;
			shellScript = "\"${SRCROOT}/Pods/Target Support Files/Pods-Snapchat/Pods-Snapchat-frameworks.sh\"\n";
			showEnvVarsInLog = 0;
		};
		36FE8178A6FE4FB5495479BF /* [CP] Check Pods Manifest.lock */ = {
			isa = PBXShellScriptBuildPhase;
			buildActionMask = 2147483647;
			files = (
			);
			inputPaths = (
				"${PODS_PODFILE_DIR_PATH}/Podfile.lock",
				"${PODS_ROOT}/Manifest.lock",
			);
			name = "[CP] Check Pods Manifest.lock";
			outputPaths = (
				"$(DERIVED_FILE_DIR)/Pods-Snapchat-checkManifestLockResult.txt",
			);
			runOnlyForDeploymentPostprocessing = 0;
			shellPath = /bin/sh;
			shellScript = "diff \"${PODS_PODFILE_DIR_PATH}/Podfile.lock\" \"${PODS_ROOT}/Manifest.lock\" > /dev/null\nif [ $? != 0 ] ; then\n    # print error to STDERR\n    echo \"error: The sandbox is not in sync with the Podfile.lock. Run 'pod install' or update your CocoaPods installation.\" >&2\n    exit 1\nfi\n# This output is used by Xcode 'outputs' to avoid re-running this script phase.\necho \"SUCCESS\" > \"${SCRIPT_OUTPUT_FILE_0}\"\n";
			showEnvVarsInLog = 0;
		};
/* End PBXShellScriptBuildPhase section */

/* Begin PBXSourcesBuildPhase section */
		A56C3BC620800693003F59FD /* Sources */ = {
			isa = PBXSourcesBuildPhase;
			buildActionMask = 2147483647;
			files = (
				A56C3BE720805243003F59FD /* SnapsViewController.swift in Sources */,
				A56C3BD020800693003F59FD /* SignInViewController.swift in Sources */,
				A56C3BD620800693003F59FD /* Snapchat.xcdatamodeld in Sources */,
				A56C3BEB2080658D003F59FD /* SelectUserViewController.swift in Sources */,
				A56C3BCE20800693003F59FD /* AppDelegate.swift in Sources */,
				A56C3BE920805626003F59FD /* PictureViewController.swift in Sources */,
				A50AAAE32080E3E5000DC496 /* User.swift in Sources */,
				A50AAAE92080FB37000DC496 /* ViewSnapViewController.swift in Sources */,
				A50AAAE72080F762000DC496 /* Snap.swift in Sources */,
			);
			runOnlyForDeploymentPostprocessing = 0;
		};
/* End PBXSourcesBuildPhase section */

/* Begin PBXVariantGroup section */
		A56C3BD120800693003F59FD /* Main.storyboard */ = {
			isa = PBXVariantGroup;
			children = (
				A56C3BD220800693003F59FD /* Base */,
			);
			name = Main.storyboard;
			sourceTree = "<group>";
		};
		A56C3BD920800693003F59FD /* LaunchScreen.storyboard */ = {
			isa = PBXVariantGroup;
			children = (
				A56C3BDA20800693003F59FD /* Base */,
			);
			name = LaunchScreen.storyboard;
			sourceTree = "<group>";
		};
/* End PBXVariantGroup section */

/* Begin XCBuildConfiguration section */
		A56C3BDD20800693003F59FD /* Debug */ = {
			isa = XCBuildConfiguration;
			buildSettings = {
				ALWAYS_SEARCH_USER_PATHS = NO;
				CLANG_ANALYZER_NONNULL = YES;
				CLANG_ANALYZER_NUMBER_OBJECT_CONVERSION = YES_AGGRESSIVE;
				CLANG_CXX_LANGUAGE_STANDARD = "gnu++14";
				CLANG_CXX_LIBRARY = "libc++";
				CLANG_ENABLE_MODULES = YES;
				CLANG_ENABLE_OBJC_ARC = YES;
				CLANG_WARN_BLOCK_CAPTURE_AUTORELEASING = YES;
				CLANG_WARN_BOOL_CONVERSION = YES;
				CLANG_WARN_COMMA = YES;
				CLANG_WARN_CONSTANT_CONVERSION = YES;
				CLANG_WARN_DIRECT_OBJC_ISA_USAGE = YES_ERROR;
				CLANG_WARN_DOCUMENTATION_COMMENTS = YES;
				CLANG_WARN_EMPTY_BODY = YES;
				CLANG_WARN_ENUM_CONVERSION = YES;
				CLANG_WARN_INFINITE_RECURSION = YES;
				CLANG_WARN_INT_CONVERSION = YES;
				CLANG_WARN_NON_LITERAL_NULL_CONVERSION = YES;
				CLANG_WARN_OBJC_LITERAL_CONVERSION = YES;
				CLANG_WARN_OBJC_ROOT_CLASS = YES_ERROR;
				CLANG_WARN_RANGE_LOOP_ANALYSIS = YES;
				CLANG_WARN_STRICT_PROTOTYPES = YES;
				CLANG_WARN_SUSPICIOUS_MOVE = YES;
				CLANG_WARN_UNGUARDED_AVAILABILITY = YES_AGGRESSIVE;
				CLANG_WARN_UNREACHABLE_CODE = YES;
				CLANG_WARN__DUPLICATE_METHOD_MATCH = YES;
				CODE_SIGN_IDENTITY = "iPhone Developer";
				COPY_PHASE_STRIP = NO;
				DEBUG_INFORMATION_FORMAT = dwarf;
				ENABLE_STRICT_OBJC_MSGSEND = YES;
				ENABLE_TESTABILITY = YES;
				GCC_C_LANGUAGE_STANDARD = gnu11;
				GCC_DYNAMIC_NO_PIC = NO;
				GCC_NO_COMMON_BLOCKS = YES;
				GCC_OPTIMIZATION_LEVEL = 0;
				GCC_PREPROCESSOR_DEFINITIONS = (
					"DEBUG=1",
					"$(inherited)",
				);
				GCC_WARN_64_TO_32_BIT_CONVERSION = YES;
				GCC_WARN_ABOUT_RETURN_TYPE = YES_ERROR;
				GCC_WARN_UNDECLARED_SELECTOR = YES;
				GCC_WARN_UNINITIALIZED_AUTOS = YES_AGGRESSIVE;
				GCC_WARN_UNUSED_FUNCTION = YES;
				GCC_WARN_UNUSED_VARIABLE = YES;
				IPHONEOS_DEPLOYMENT_TARGET = 11.2;
				MTL_ENABLE_DEBUG_INFO = YES;
				ONLY_ACTIVE_ARCH = YES;
				SDKROOT = iphoneos;
				SWIFT_ACTIVE_COMPILATION_CONDITIONS = DEBUG;
				SWIFT_OPTIMIZATION_LEVEL = "-Onone";
			};
			name = Debug;
		};
		A56C3BDE20800693003F59FD /* Release */ = {
			isa = XCBuildConfiguration;
			buildSettings = {
				ALWAYS_SEARCH_USER_PATHS = NO;
				CLANG_ANALYZER_NONNULL = YES;
				CLANG_ANALYZER_NUMBER_OBJECT_CONVERSION = YES_AGGRESSIVE;
				CLANG_CXX_LANGUAGE_STANDARD = "gnu++14";
				CLANG_CXX_LIBRARY = "libc++";
				CLANG_ENABLE_MODULES = YES;
				CLANG_ENABLE_OBJC_ARC = YES;
				CLANG_WARN_BLOCK_CAPTURE_AUTORELEASING = YES;
				CLANG_WARN_BOOL_CONVERSION = YES;
				CLANG_WARN_COMMA = YES;
				CLANG_WARN_CONSTANT_CONVERSION = YES;
				CLANG_WARN_DIRECT_OBJC_ISA_USAGE = YES_ERROR;
				CLANG_WARN_DOCUMENTATION_COMMENTS = YES;
				CLANG_WARN_EMPTY_BODY = YES;
				CLANG_WARN_ENUM_CONVERSION = YES;
				CLANG_WARN_INFINITE_RECURSION = YES;
				CLANG_WARN_INT_CONVERSION = YES;
				CLANG_WARN_NON_LITERAL_NULL_CONVERSION = YES;
				CLANG_WARN_OBJC_LITERAL_CONVERSION = YES;
				CLANG_WARN_OBJC_ROOT_CLASS = YES_ERROR;
				CLANG_WARN_RANGE_LOOP_ANALYSIS = YES;
				CLANG_WARN_STRICT_PROTOTYPES = YES;
				CLANG_WARN_SUSPICIOUS_MOVE = YES;
				CLANG_WARN_UNGUARDED_AVAILABILITY = YES_AGGRESSIVE;
				CLANG_WARN_UNREACHABLE_CODE = YES;
				CLANG_WARN__DUPLICATE_METHOD_MATCH = YES;
				CODE_SIGN_IDENTITY = "iPhone Developer";
				COPY_PHASE_STRIP = NO;
				DEBUG_INFORMATION_FORMAT = "dwarf-with-dsym";
				ENABLE_NS_ASSERTIONS = NO;
				ENABLE_STRICT_OBJC_MSGSEND = YES;
				GCC_C_LANGUAGE_STANDARD = gnu11;
				GCC_NO_COMMON_BLOCKS = YES;
				GCC_WARN_64_TO_32_BIT_CONVERSION = YES;
				GCC_WARN_ABOUT_RETURN_TYPE = YES_ERROR;
				GCC_WARN_UNDECLARED_SELECTOR = YES;
				GCC_WARN_UNINITIALIZED_AUTOS = YES_AGGRESSIVE;
				GCC_WARN_UNUSED_FUNCTION = YES;
				GCC_WARN_UNUSED_VARIABLE = YES;
				IPHONEOS_DEPLOYMENT_TARGET = 11.2;
				MTL_ENABLE_DEBUG_INFO = NO;
				SDKROOT = iphoneos;
				SWIFT_OPTIMIZATION_LEVEL = "-Owholemodule";
				VALIDATE_PRODUCT = YES;
			};
			name = Release;
		};
		A56C3BE020800693003F59FD /* Debug */ = {
			isa = XCBuildConfiguration;
			baseConfigurationReference = AF7FDC23C085445147160678 /* Pods-Snapchat.debug.xcconfig */;
			buildSettings = {
				ASSETCATALOG_COMPILER_APPICON_NAME = AppIcon;
				CODE_SIGN_STYLE = Automatic;
				DEVELOPMENT_TEAM = P4MDU98344;
				INFOPLIST_FILE = Snapchat/Info.plist;
				LD_RUNPATH_SEARCH_PATHS = "$(inherited) @executable_path/Frameworks";
				PRODUCT_BUNDLE_IDENTIFIER = Com.Mandeep.Snapchat;
				PRODUCT_NAME = "$(TARGET_NAME)";
				SWIFT_VERSION = 4.0;
				TARGETED_DEVICE_FAMILY = "1,2";
			};
			name = Debug;
		};
		A56C3BE120800693003F59FD /* Release */ = {
			isa = XCBuildConfiguration;
			baseConfigurationReference = C19C540288C9A510B50611AA /* Pods-Snapchat.release.xcconfig */;
			buildSettings = {
				ASSETCATALOG_COMPILER_APPICON_NAME = AppIcon;
				CODE_SIGN_STYLE = Automatic;
				DEVELOPMENT_TEAM = P4MDU98344;
				INFOPLIST_FILE = Snapchat/Info.plist;
				LD_RUNPATH_SEARCH_PATHS = "$(inherited) @executable_path/Frameworks";
				PRODUCT_BUNDLE_IDENTIFIER = Com.Mandeep.Snapchat;
				PRODUCT_NAME = "$(TARGET_NAME)";
				SWIFT_VERSION = 4.0;
				TARGETED_DEVICE_FAMILY = "1,2";
			};
			name = Release;
		};
/* End XCBuildConfiguration section */

/* Begin XCConfigurationList section */
		A56C3BC520800693003F59FD /* Build configuration list for PBXProject "Snapchat" */ = {
			isa = XCConfigurationList;
			buildConfigurations = (
				A56C3BDD20800693003F59FD /* Debug */,
				A56C3BDE20800693003F59FD /* Release */,
			);
			defaultConfigurationIsVisible = 0;
			defaultConfigurationName = Release;
		};
		A56C3BDF20800693003F59FD /* Build configuration list for PBXNativeTarget "Snapchat" */ = {
			isa = XCConfigurationList;
			buildConfigurations = (
				A56C3BE020800693003F59FD /* Debug */,
				A56C3BE120800693003F59FD /* Release */,
			);
			defaultConfigurationIsVisible = 0;
			defaultConfigurationName = Release;
		};
/* End XCConfigurationList section */

/* Begin XCVersionGroup section */
		A56C3BD420800693003F59FD /* Snapchat.xcdatamodeld */ = {
			isa = XCVersionGroup;
			children = (
				A56C3BD520800693003F59FD /* Snapchat.xcdatamodel */,
			);
			currentVersion = A56C3BD520800693003F59FD /* Snapchat.xcdatamodel */;
			path = Snapchat.xcdatamodeld;
			sourceTree = "<group>";
			versionGroupType = wrapper.xcdatamodel;
		};
/* End XCVersionGroup section */
	};
	rootObject = A56C3BC220800693003F59FD /* Project object */;
}
